
Microsoft Visual Studio Solution File, Format Version 12.00
# Visual Studio Version 16
VisualStudioVersion = 16.0.29209.62
MinimumVisualStudioVersion = 10.0.40219.1
Project("{9A19103F-16F7-4668-BE54-9A1E7A4F7556}") = "eShop.UI", "eShop\eShop.UI.csproj", "{2BEB45D4-7FBF-4232-8FA2-C384E4A413FA}"
EndProject
Project("{9A19103F-16F7-4668-BE54-9A1E7A4F7556}") = "eShop.App", "eShopp.App\eShop.App.csproj", "{7F27FB2D-D120-4C44-A1E9-A0554511A79C}"
EndProject
Project("{9A19103F-16F7-4668-BE54-9A1E7A4F7556}") = "eShop.Domain", "eShop.Domain\eShop.Domain.csproj", "{64FAB214-CB4F-4130-AE57-4805181C6260}"
EndProject
Project("{9A19103F-16F7-4668-BE54-9A1E7A4F7556}") = "eShop.Database", "eShop.Database\eShop.Database.csproj", "{635F7DB7-6B69-4C04-9266-4352CB12447E}"
EndProject
Global
	GlobalSection(SolutionConfigurationPlatforms) = preSolution
		Debug|Any CPU = Debug|Any CPU
		Release|Any CPU = Release|Any CPU
	EndGlobalSection
	GlobalSection(ProjectConfigurationPlatforms) = postSolution
		{2BEB45D4-7FBF-4232-8FA2-C384E4A413FA}.Debug|Any CPU.ActiveCfg = Debug|Any CPU
		{2BEB45D4-7FBF-4232-8FA2-C384E4A413FA}.Debug|Any CPU.Build.0 = Debug|Any CPU
		{2BEB45D4-7FBF-4232-8FA2-C384E4A413FA}.Release|Any CPU.ActiveCfg = Release|Any CPU
		{2BEB45D4-7FBF-4232-8FA2-C384E4A413FA}.Release|Any CPU.Build.0 = Release|Any CPU
		{7F27FB2D-D120-4C44-A1E9-A0554511A79C}.Debug|Any CPU.ActiveCfg = Debug|Any CPU
		{7F27FB2D-D120-4C44-A1E9-A0554511A79C}.Debug|Any CPU.Build.0 = Debug|Any CPU
		{7F27FB2D-D120-4C44-A1E9-A0554511A79C}.Release|Any CPU.ActiveCfg = Release|Any CPU
		{7F27FB2D-D120-4C44-A1E9-A0554511A79C}.Release|Any CPU.Build.0 = Release|Any CPU
		{64FAB214-CB4F-4130-AE57-4805181C6260}.Debug|Any CPU.ActiveCfg = Debug|Any CPU
		{64FAB214-CB4F-4130-AE57-4805181C6260}.Debug|Any CPU.Build.0 = Debug|Any CPU
		{64FAB214-CB4F-4130-AE57-4805181C6260}.Release|Any CPU.ActiveCfg = Release|Any CPU
		{64FAB214-CB4F-4130-AE57-4805181C6260}.Release|Any CPU.Build.0 = Release|Any CPU
		{635F7DB7-6B69-4C04-9266-4352CB12447E}.Debug|Any CPU.ActiveCfg = Debug|Any CPU
		{635F7DB7-6B69-4C04-9266-4352CB12447E}.Debug|Any CPU.Build.0 = Debug|Any CPU
		{635F7DB7-6B69-4C04-9266-4352CB12447E}.Release|Any CPU.ActiveCfg = Release|Any CPU
		{635F7DB7-6B69-4C04-9266-4352CB12447E}.Release|Any CPU.Build.0 = Release|Any CPU
	EndGlobalSection
	GlobalSection(SolutionProperties) = preSolution
		HideSolutionNode = FALSE
	EndGlobalSection
	GlobalSection(ExtensibilityGlobals) = postSolution
		SolutionGuid = {BED3830A-939A-4C9E-BA70-D50CB0139D35}
	EndGlobalSection
EndGlobal
